// !$*UTF8*$!
{
	archiveVersion = 1;
	classes = {
	};
	objectVersion = 46;
	objects = {

/* Begin PBXBuildFile section */
		680C1E1B1B2F5BD7005DEDBC /* MobileCoreServices.framework in Frameworks */ = {isa = PBXBuildFile; fileRef = 680C1E191B2F5BC3005DEDBC /* MobileCoreServices.framework */; };
		680C1E1C1B2F5BD7005DEDBC /* Security.framework in Frameworks */ = {isa = PBXBuildFile; fileRef = 680C1E171B2F5B98005DEDBC /* Security.framework */; };
		680C1E1D1B2F5BD7005DEDBC /* SystemConfiguration.framework in Frameworks */ = {isa = PBXBuildFile; fileRef = 680C1E151B2F5B92005DEDBC /* SystemConfiguration.framework */; };
		680C1E201B2F5C7E005DEDBC /* Shine.framework in Frameworks */ = {isa = PBXBuildFile; fileRef = 680C1E1F1B2F5C7E005DEDBC /* Shine.framework */; };
		683478081B38539F00C17792 /* CoreTelephony.framework in Frameworks */ = {isa = PBXBuildFile; fileRef = 683478061B38539800C17792 /* CoreTelephony.framework */; };
		687EDF2C1B29A2B1004426CD /* AppDelegate.m in Sources */ = {isa = PBXBuildFile; fileRef = 687EDF2B1B29A2B1004426CD /* AppDelegate.m */; };
		687EDF2F1B29A2B1004426CD /* SWRegisterViewController.m in Sources */ = {isa = PBXBuildFile; fileRef = 687EDF2E1B29A2B1004426CD /* SWRegisterViewController.m */; };
		687EDF341B29A2B1004426CD /* Images.xcassets in Resources */ = {isa = PBXBuildFile; fileRef = 687EDF331B29A2B1004426CD /* Images.xcassets */; };
		687EDF431B29A2B1004426CD /* SunshineTests.m in Sources */ = {isa = PBXBuildFile; fileRef = 687EDF421B29A2B1004426CD /* SunshineTests.m */; };
		688E47C51B32DA1F004B0F3B /* MediaPlayer.framework in Frameworks */ = {isa = PBXBuildFile; fileRef = 688E47C41B32DA1F004B0F3B /* MediaPlayer.framework */; };
		68B671581B2EC9D700047598 /* main.m in Sources */ = {isa = PBXBuildFile; fileRef = 68B671561B2EC9D700047598 /* main.m */; };
		ADAAAB611B5551DC001B611E /* ShineBundle.bundle in Resources */ = {isa = PBXBuildFile; fileRef = ADAAAB601B5551DC001B611E /* ShineBundle.bundle */; };
		ADAAAB681B56A100001B611E /* SWMainViewController.m in Sources */ = {isa = PBXBuildFile; fileRef = ADAAAB671B56A100001B611E /* SWMainViewController.m */; };
		ADFEF29B1B4FE09B00544DBA /* Sunshine.storyboard in Resources */ = {isa = PBXBuildFile; fileRef = ADFEF29A1B4FE09B00544DBA /* Sunshine.storyboard */; };
		ADFEF29F1B4FE1C100544DBA /* SunshineLaunch.xib in Resources */ = {isa = PBXBuildFile; fileRef = ADFEF29E1B4FE1C100544DBA /* SunshineLaunch.xib */; };
/* End PBXBuildFile section */

/* Begin PBXContainerItemProxy section */
		687EDF3D1B29A2B1004426CD /* PBXContainerItemProxy */ = {
			isa = PBXContainerItemProxy;
			containerPortal = 687EDF1B1B29A2B0004426CD /* Project object */;
			proxyType = 1;
			remoteGlobalIDString = 687EDF221B29A2B1004426CD;
			remoteInfo = Sunshine;
		};
/* End PBXContainerItemProxy section */

/* Begin PBXFileReference section */
		680C1E151B2F5B92005DEDBC /* SystemConfiguration.framework */ = {isa = PBXFileReference; lastKnownFileType = wrapper.framework; name = SystemConfiguration.framework; path = System/Library/Frameworks/SystemConfiguration.framework; sourceTree = SDKROOT; };
		680C1E171B2F5B98005DEDBC /* Security.framework */ = {isa = PBXFileReference; lastKnownFileType = wrapper.framework; name = Security.framework; path = System/Library/Frameworks/Security.framework; sourceTree = SDKROOT; };
		680C1E191B2F5BC3005DEDBC /* MobileCoreServices.framework */ = {isa = PBXFileReference; lastKnownFileType = wrapper.framework; name = MobileCoreServices.framework; path = System/Library/Frameworks/MobileCoreServices.framework; sourceTree = SDKROOT; };
		680C1E1F1B2F5C7E005DEDBC /* Shine.framework */ = {isa = PBXFileReference; lastKnownFileType = wrapper.framework; path = Shine.framework; sourceTree = "<group>"; };
		683478061B38539800C17792 /* CoreTelephony.framework */ = {isa = PBXFileReference; lastKnownFileType = wrapper.framework; name = CoreTelephony.framework; path = System/Library/Frameworks/CoreTelephony.framework; sourceTree = SDKROOT; };
		687EDF231B29A2B1004426CD /* Sunshine.app */ = {isa = PBXFileReference; explicitFileType = wrapper.application; includeInIndex = 0; path = Sunshine.app; sourceTree = BUILT_PRODUCTS_DIR; };
		687EDF2A1B29A2B1004426CD /* AppDelegate.h */ = {isa = PBXFileReference; lastKnownFileType = sourcecode.c.h; path = AppDelegate.h; sourceTree = "<group>"; };
		687EDF2B1B29A2B1004426CD /* AppDelegate.m */ = {isa = PBXFileReference; lastKnownFileType = sourcecode.c.objc; path = AppDelegate.m; sourceTree = "<group>"; };
		687EDF2D1B29A2B1004426CD /* SWRegisterViewController.h */ = {isa = PBXFileReference; lastKnownFileType = sourcecode.c.h; path = SWRegisterViewController.h; sourceTree = "<group>"; };
		687EDF2E1B29A2B1004426CD /* SWRegisterViewController.m */ = {isa = PBXFileReference; lastKnownFileType = sourcecode.c.objc; path = SWRegisterViewController.m; sourceTree = "<group>"; };
		687EDF331B29A2B1004426CD /* Images.xcassets */ = {isa = PBXFileReference; lastKnownFileType = folder.assetcatalog; path = Images.xcassets; sourceTree = "<group>"; };
		687EDF3C1B29A2B1004426CD /* SunshineTests.xctest */ = {isa = PBXFileReference; explicitFileType = wrapper.cfbundle; includeInIndex = 0; path = SunshineTests.xctest; sourceTree = BUILT_PRODUCTS_DIR; };
		687EDF411B29A2B1004426CD /* Info.plist */ = {isa = PBXFileReference; lastKnownFileType = text.plist.xml; path = Info.plist; sourceTree = "<group>"; };
		687EDF421B29A2B1004426CD /* SunshineTests.m */ = {isa = PBXFileReference; lastKnownFileType = sourcecode.c.objc; path = SunshineTests.m; sourceTree = "<group>"; };
		688E47C41B32DA1F004B0F3B /* MediaPlayer.framework */ = {isa = PBXFileReference; lastKnownFileType = wrapper.framework; name = MediaPlayer.framework; path = System/Library/Frameworks/MediaPlayer.framework; sourceTree = SDKROOT; };
		68B671551B2EC9D700047598 /* Info.plist */ = {isa = PBXFileReference; fileEncoding = 4; lastKnownFileType = text.plist.xml; path = Info.plist; sourceTree = "<group>"; };
		68B671561B2EC9D700047598 /* main.m */ = {isa = PBXFileReference; fileEncoding = 4; lastKnownFileType = sourcecode.c.objc; path = main.m; sourceTree = "<group>"; };
		ADAAAB601B5551DC001B611E /* ShineBundle.bundle */ = {isa = PBXFileReference; lastKnownFileType = "wrapper.plug-in"; name = ShineBundle.bundle; path = Sunshine/Frameworks/Shine.framework/Versions/A/Resources/ShineBundle.bundle; sourceTree = "<group>"; };
		ADAAAB661B56A100001B611E /* SWMainViewController.h */ = {isa = PBXFileReference; fileEncoding = 4; lastKnownFileType = sourcecode.c.h; path = SWMainViewController.h; sourceTree = "<group>"; };
		ADAAAB671B56A100001B611E /* SWMainViewController.m */ = {isa = PBXFileReference; fileEncoding = 4; lastKnownFileType = sourcecode.c.objc; path = SWMainViewController.m; sourceTree = "<group>"; };
		ADFEF29A1B4FE09B00544DBA /* Sunshine.storyboard */ = {isa = PBXFileReference; fileEncoding = 4; lastKnownFileType = file.storyboard; path = Sunshine.storyboard; sourceTree = "<group>"; };
		ADFEF29E1B4FE1C100544DBA /* SunshineLaunch.xib */ = {isa = PBXFileReference; fileEncoding = 4; lastKnownFileType = file.xib; path = SunshineLaunch.xib; sourceTree = "<group>"; };
/* End PBXFileReference section */

/* Begin PBXFrameworksBuildPhase section */
		687EDF201B29A2B1004426CD /* Frameworks */ = {
			isa = PBXFrameworksBuildPhase;
			buildActionMask = 2147483647;
			files = (
				688E47C51B32DA1F004B0F3B /* MediaPlayer.framework in Frameworks */,
				680C1E1B1B2F5BD7005DEDBC /* MobileCoreServices.framework in Frameworks */,
				683478081B38539F00C17792 /* CoreTelephony.framework in Frameworks */,
				680C1E1C1B2F5BD7005DEDBC /* Security.framework in Frameworks */,
				680C1E201B2F5C7E005DEDBC /* Shine.framework in Frameworks */,
				680C1E1D1B2F5BD7005DEDBC /* SystemConfiguration.framework in Frameworks */,
			);
			runOnlyForDeploymentPostprocessing = 0;
		};
		687EDF391B29A2B1004426CD /* Frameworks */ = {
			isa = PBXFrameworksBuildPhase;
			buildActionMask = 2147483647;
			files = (
			);
			runOnlyForDeploymentPostprocessing = 0;
		};
/* End PBXFrameworksBuildPhase section */

/* Begin PBXGroup section */
		680C1E1E1B2F5C7E005DEDBC /* Frameworks */ = {
			isa = PBXGroup;
			children = (
				683478061B38539800C17792 /* CoreTelephony.framework */,
				688E47C41B32DA1F004B0F3B /* MediaPlayer.framework */,
				680C1E191B2F5BC3005DEDBC /* MobileCoreServices.framework */,
				680C1E171B2F5B98005DEDBC /* Security.framework */,
				680C1E151B2F5B92005DEDBC /* SystemConfiguration.framework */,
				680C1E1F1B2F5C7E005DEDBC /* Shine.framework */,
			);
			path = Frameworks;
			sourceTree = "<group>";
		};
		687EDF1A1B29A2B0004426CD = {
			isa = PBXGroup;
			children = (
				687EDF251B29A2B1004426CD /* Sunshine */,
				ADAAAB601B5551DC001B611E /* ShineBundle.bundle */,
				ADFEF29E1B4FE1C100544DBA /* SunshineLaunch.xib */,
				ADFEF29A1B4FE09B00544DBA /* Sunshine.storyboard */,
				687EDF3F1B29A2B1004426CD /* SunshineTests */,
				687EDF241B29A2B1004426CD /* Products */,
			);
			sourceTree = "<group>";
		};
		687EDF241B29A2B1004426CD /* Products */ = {
			isa = PBXGroup;
			children = (
				687EDF231B29A2B1004426CD /* Sunshine.app */,
				687EDF3C1B29A2B1004426CD /* SunshineTests.xctest */,
			);
			name = Products;
			sourceTree = "<group>";
		};
		687EDF251B29A2B1004426CD /* Sunshine */ = {
			isa = PBXGroup;
			children = (
				687EDF2A1B29A2B1004426CD /* AppDelegate.h */,
				687EDF2B1B29A2B1004426CD /* AppDelegate.m */,
				687EDF2D1B29A2B1004426CD /* SWRegisterViewController.h */,
				687EDF2E1B29A2B1004426CD /* SWRegisterViewController.m */,
				ADAAAB661B56A100001B611E /* SWMainViewController.h */,
				ADAAAB671B56A100001B611E /* SWMainViewController.m */,
				687EDF331B29A2B1004426CD /* Images.xcassets */,
				680C1E1E1B2F5C7E005DEDBC /* Frameworks */,
				68B671541B2EC9D700047598 /* Supporting Files */,
			);
			path = Sunshine;
			sourceTree = "<group>";
		};
		687EDF3F1B29A2B1004426CD /* SunshineTests */ = {
			isa = PBXGroup;
			children = (
				687EDF421B29A2B1004426CD /* SunshineTests.m */,
				687EDF401B29A2B1004426CD /* Supporting Files */,
			);
			path = SunshineTests;
			sourceTree = "<group>";
		};
		687EDF401B29A2B1004426CD /* Supporting Files */ = {
			isa = PBXGroup;
			children = (
				687EDF411B29A2B1004426CD /* Info.plist */,
			);
			name = "Supporting Files";
			sourceTree = "<group>";
		};
		68B671541B2EC9D700047598 /* Supporting Files */ = {
			isa = PBXGroup;
			children = (
				68B671551B2EC9D700047598 /* Info.plist */,
				68B671561B2EC9D700047598 /* main.m */,
			);
			path = "Supporting Files";
			sourceTree = "<group>";
		};
/* End PBXGroup section */

/* Begin PBXNativeTarget section */
		687EDF221B29A2B1004426CD /* Sunshine */ = {
			isa = PBXNativeTarget;
			buildConfigurationList = 687EDF461B29A2B1004426CD /* Build configuration list for PBXNativeTarget "Sunshine" */;
			buildPhases = (
				687EDF1F1B29A2B1004426CD /* Sources */,
				687EDF201B29A2B1004426CD /* Frameworks */,
				687EDF211B29A2B1004426CD /* Resources */,
			);
			buildRules = (
			);
			dependencies = (
			);
			name = Sunshine;
			productName = Sunshine;
			productReference = 687EDF231B29A2B1004426CD /* Sunshine.app */;
			productType = "com.apple.product-type.application";
		};
		687EDF3B1B29A2B1004426CD /* SunshineTests */ = {
			isa = PBXNativeTarget;
			buildConfigurationList = 687EDF491B29A2B1004426CD /* Build configuration list for PBXNativeTarget "SunshineTests" */;
			buildPhases = (
				687EDF381B29A2B1004426CD /* Sources */,
				687EDF391B29A2B1004426CD /* Frameworks */,
				687EDF3A1B29A2B1004426CD /* Resources */,
			);
			buildRules = (
			);
			dependencies = (
				687EDF3E1B29A2B1004426CD /* PBXTargetDependency */,
			);
			name = SunshineTests;
			productName = SunshineTests;
			productReference = 687EDF3C1B29A2B1004426CD /* SunshineTests.xctest */;
			productType = "com.apple.product-type.bundle.unit-test";
		};
/* End PBXNativeTarget section */

/* Begin PBXProject section */
		687EDF1B1B29A2B0004426CD /* Project object */ = {
			isa = PBXProject;
			attributes = {
				LastUpgradeCheck = 0630;
				ORGANIZATIONNAME = "Liam Russell";
				TargetAttributes = {
					687EDF221B29A2B1004426CD = {
						CreatedOnToolsVersion = 6.3.1;
						SystemCapabilities = {
							com.apple.BackgroundModes = {
								enabled = 1;
							};
						};
					};
					687EDF3B1B29A2B1004426CD = {
						CreatedOnToolsVersion = 6.3.1;
						TestTargetID = 687EDF221B29A2B1004426CD;
					};
				};
			};
			buildConfigurationList = 687EDF1E1B29A2B0004426CD /* Build configuration list for PBXProject "Sunshine" */;
			compatibilityVersion = "Xcode 3.2";
			developmentRegion = English;
			hasScannedForEncodings = 0;
			knownRegions = (
				en,
				Base,
			);
			mainGroup = 687EDF1A1B29A2B0004426CD;
			productRefGroup = 687EDF241B29A2B1004426CD /* Products */;
			projectDirPath = "";
			projectRoot = "";
			targets = (
				687EDF221B29A2B1004426CD /* Sunshine */,
				687EDF3B1B29A2B1004426CD /* SunshineTests */,
			);
		};
/* End PBXProject section */

/* Begin PBXResourcesBuildPhase section */
		687EDF211B29A2B1004426CD /* Resources */ = {
			isa = PBXResourcesBuildPhase;
			buildActionMask = 2147483647;
			files = (
				ADAAAB611B5551DC001B611E /* ShineBundle.bundle in Resources */,
				ADFEF29B1B4FE09B00544DBA /* Sunshine.storyboard in Resources */,
				ADFEF29F1B4FE1C100544DBA /* SunshineLaunch.xib in Resources */,
				687EDF341B29A2B1004426CD /* Images.xcassets in Resources */,
			);
			runOnlyForDeploymentPostprocessing = 0;
		};
		687EDF3A1B29A2B1004426CD /* Resources */ = {
			isa = PBXResourcesBuildPhase;
			buildActionMask = 2147483647;
			files = (
			);
			runOnlyForDeploymentPostprocessing = 0;
		};
/* End PBXResourcesBuildPhase section */

/* Begin PBXSourcesBuildPhase section */
		687EDF1F1B29A2B1004426CD /* Sources */ = {
			isa = PBXSourcesBuildPhase;
			buildActionMask = 2147483647;
			files = (
				687EDF2F1B29A2B1004426CD /* SWRegisterViewController.m in Sources */,
				68B671581B2EC9D700047598 /* main.m in Sources */,
				687EDF2C1B29A2B1004426CD /* AppDelegate.m in Sources */,
				ADAAAB681B56A100001B611E /* SWMainViewController.m in Sources */,
			);
			runOnlyForDeploymentPostprocessing = 0;
		};
		687EDF381B29A2B1004426CD /* Sources */ = {
			isa = PBXSourcesBuildPhase;
			buildActionMask = 2147483647;
			files = (
				687EDF431B29A2B1004426CD /* SunshineTests.m in Sources */,
			);
			runOnlyForDeploymentPostprocessing = 0;
		};
/* End PBXSourcesBuildPhase section */

/* Begin PBXTargetDependency section */
		687EDF3E1B29A2B1004426CD /* PBXTargetDependency */ = {
			isa = PBXTargetDependency;
			target = 687EDF221B29A2B1004426CD /* Sunshine */;
			targetProxy = 687EDF3D1B29A2B1004426CD /* PBXContainerItemProxy */;
		};
/* End PBXTargetDependency section */

/* Begin XCBuildConfiguration section */
		687EDF441B29A2B1004426CD /* Debug */ = {
			isa = XCBuildConfiguration;
			buildSettings = {
				ALWAYS_SEARCH_USER_PATHS = NO;
				CLANG_CXX_LANGUAGE_STANDARD = "gnu++0x";
				CLANG_CXX_LIBRARY = "libc++";
				CLANG_ENABLE_MODULES = YES;
				CLANG_ENABLE_OBJC_ARC = YES;
				CLANG_WARN_BOOL_CONVERSION = YES;
				CLANG_WARN_CONSTANT_CONVERSION = YES;
				CLANG_WARN_DIRECT_OBJC_ISA_USAGE = YES_ERROR;
				CLANG_WARN_EMPTY_BODY = YES;
				CLANG_WARN_ENUM_CONVERSION = YES;
				CLANG_WARN_INT_CONVERSION = YES;
				CLANG_WARN_OBJC_ROOT_CLASS = YES_ERROR;
				CLANG_WARN_UNREACHABLE_CODE = YES;
				CLANG_WARN__DUPLICATE_METHOD_MATCH = YES;
				"CODE_SIGN_IDENTITY[sdk=iphoneos*]" = "iPhone Developer";
				COPY_PHASE_STRIP = NO;
				DEBUG_INFORMATION_FORMAT = "dwarf-with-dsym";
				ENABLE_STRICT_OBJC_MSGSEND = YES;
				GCC_C_LANGUAGE_STANDARD = gnu99;
				GCC_DYNAMIC_NO_PIC = NO;
				GCC_NO_COMMON_BLOCKS = YES;
				GCC_OPTIMIZATION_LEVEL = 0;
				GCC_PREPROCESSOR_DEFINITIONS = (
					"DEBUG=1",
					"$(inherited)",
				);
				GCC_SYMBOLS_PRIVATE_EXTERN = NO;
				GCC_WARN_64_TO_32_BIT_CONVERSION = YES;
				GCC_WARN_ABOUT_RETURN_TYPE = YES_ERROR;
				GCC_WARN_UNDECLARED_SELECTOR = YES;
				GCC_WARN_UNINITIALIZED_AUTOS = YES_AGGRESSIVE;
				GCC_WARN_UNUSED_FUNCTION = YES;
				GCC_WARN_UNUSED_VARIABLE = YES;
				IPHONEOS_DEPLOYMENT_TARGET = 7.1;
				MTL_ENABLE_DEBUG_INFO = YES;
				ONLY_ACTIVE_ARCH = YES;
				SDKROOT = iphoneos;
				TARGETED_DEVICE_FAMILY = "1,2";
			};
			name = Debug;
		};
		687EDF451B29A2B1004426CD /* Release */ = {
			isa = XCBuildConfiguration;
			buildSettings = {
				ALWAYS_SEARCH_USER_PATHS = NO;
				CLANG_CXX_LANGUAGE_STANDARD = "gnu++0x";
				CLANG_CXX_LIBRARY = "libc++";
				CLANG_ENABLE_MODULES = YES;
				CLANG_ENABLE_OBJC_ARC = YES;
				CLANG_WARN_BOOL_CONVERSION = YES;
				CLANG_WARN_CONSTANT_CONVERSION = YES;
				CLANG_WARN_DIRECT_OBJC_ISA_USAGE = YES_ERROR;
				CLANG_WARN_EMPTY_BODY = YES;
				CLANG_WARN_ENUM_CONVERSION = YES;
				CLANG_WARN_INT_CONVERSION = YES;
				CLANG_WARN_OBJC_ROOT_CLASS = YES_ERROR;
				CLANG_WARN_UNREACHABLE_CODE = YES;
				CLANG_WARN__DUPLICATE_METHOD_MATCH = YES;
				"CODE_SIGN_IDENTITY[sdk=iphoneos*]" = "iPhone Developer";
				COPY_PHASE_STRIP = NO;
				DEBUG_INFORMATION_FORMAT = "dwarf-with-dsym";
				ENABLE_NS_ASSERTIONS = NO;
				ENABLE_STRICT_OBJC_MSGSEND = YES;
				GCC_C_LANGUAGE_STANDARD = gnu99;
				GCC_NO_COMMON_BLOCKS = YES;
				GCC_WARN_64_TO_32_BIT_CONVERSION = YES;
				GCC_WARN_ABOUT_RETURN_TYPE = YES_ERROR;
				GCC_WARN_UNDECLARED_SELECTOR = YES;
				GCC_WARN_UNINITIALIZED_AUTOS = YES_AGGRESSIVE;
				GCC_WARN_UNUSED_FUNCTION = YES;
				GCC_WARN_UNUSED_VARIABLE = YES;
				IPHONEOS_DEPLOYMENT_TARGET = 7.1;
				MTL_ENABLE_DEBUG_INFO = NO;
				SDKROOT = iphoneos;
				TARGETED_DEVICE_FAMILY = "1,2";
				VALIDATE_PRODUCT = YES;
			};
			name = Release;
		};
		687EDF471B29A2B1004426CD /* Debug */ = {
			isa = XCBuildConfiguration;
			buildSettings = {
				ASSETCATALOG_COMPILER_APPICON_NAME = AppIcon;
				ASSETCATALOG_COMPILER_LAUNCHIMAGE_NAME = LaunchImage;
				FRAMEWORK_SEARCH_PATHS = "$(PROJECT_DIR)/Sunshine/Frameworks";
				HEADER_SEARCH_PATHS = (
					"$(inherited)",
					/Applications/Xcode.app/Contents/Developer/Toolchains/XcodeDefault.xctoolchain/usr/include,
					"${SRCROOT}/../Products/",
				);
				INFOPLIST_FILE = "Sunshine/Supporting Files/Info.plist";
				IPHONEOS_DEPLOYMENT_TARGET = 7.1;
				LD_RUNPATH_SEARCH_PATHS = "$(inherited) @executable_path/Frameworks";
				ONLY_ACTIVE_ARCH = NO;
				OTHER_LDFLAGS = "-ObjC";
				PRODUCT_NAME = "$(TARGET_NAME)";
				PROVISIONING_PROFILE = " ";
			};
			name = Debug;
		};
		687EDF481B29A2B1004426CD /* Release */ = {
			isa = XCBuildConfiguration;
			buildSettings = {
				ASSETCATALOG_COMPILER_APPICON_NAME = AppIcon;
				ASSETCATALOG_COMPILER_LAUNCHIMAGE_NAME = LaunchImage;
				FRAMEWORK_SEARCH_PATHS = "$(PROJECT_DIR)/Sunshine/Frameworks";
				HEADER_SEARCH_PATHS = (
					"$(inherited)",
					/Applications/Xcode.app/Contents/Developer/Toolchains/XcodeDefault.xctoolchain/usr/include,
					"${SRCROOT}/../Products/",
				);
				INFOPLIST_FILE = "Sunshine/Supporting Files/Info.plist";
				IPHONEOS_DEPLOYMENT_TARGET = 7.1;
				LD_RUNPATH_SEARCH_PATHS = "$(inherited) @executable_path/Frameworks";
				OTHER_LDFLAGS = "-ObjC";
				PRODUCT_NAME = "$(TARGET_NAME)";
				PROVISIONING_PROFILE = " ";
			};
			name = Release;
		};
		687EDF4A1B29A2B1004426CD /* Debug */ = {
			isa = XCBuildConfiguration;
			buildSettings = {
				BUNDLE_LOADER = "$(TEST_HOST)";
				FRAMEWORK_SEARCH_PATHS = (
					"$(SDKROOT)/Developer/Library/Frameworks",
					"$(inherited)",
				);
				GCC_PREPROCESSOR_DEFINITIONS = (
					"DEBUG=1",
					"$(inherited)",
				);
				INFOPLIST_FILE = SunshineTests/Info.plist;
				LD_RUNPATH_SEARCH_PATHS = "$(inherited) @executable_path/Frameworks @loader_path/Frameworks";
				PRODUCT_NAME = "$(TARGET_NAME)";
				TEST_HOST = "$(BUILT_PRODUCTS_DIR)/Sunshine.app/Sunshine";
			};
			name = Debug;
		};
		687EDF4B1B29A2B1004426CD /* Release */ = {
			isa = XCBuildConfiguration;
			buildSettings = {
				BUNDLE_LOADER = "$(TEST_HOST)";
				FRAMEWORK_SEARCH_PATHS = (
					"$(SDKROOT)/Developer/Library/Frameworks",
					"$(inherited)",
				);
				INFOPLIST_FILE = SunshineTests/Info.plist;
				LD_RUNPATH_SEARCH_PATHS = "$(inherited) @executable_path/Frameworks @loader_path/Frameworks";
				PRODUCT_NAME = "$(TARGET_NAME)";
				TEST_HOST = "$(BUILT_PRODUCTS_DIR)/Sunshine.app/Sunshine";
			};
			name = Release;
		};
/* End XCBuildConfiguration section */

/* Begin XCConfigurationList section */
		687EDF1E1B29A2B0004426CD /* Build configuration list for PBXProject "Sunshine" */ = {
			isa = XCConfigurationList;
			buildConfigurations = (
				687EDF441B29A2B1004426CD /* Debug */,
				687EDF451B29A2B1004426CD /* Release */,
			);
			defaultConfigurationIsVisible = 0;
			defaultConfigurationName = Release;
		};
		687EDF461B29A2B1004426CD /* Build configuration list for PBXNativeTarget "Sunshine" */ = {
			isa = XCConfigurationList;
			buildConfigurations = (
				687EDF471B29A2B1004426CD /* Debug */,
				687EDF481B29A2B1004426CD /* Release */,
			);
			defaultConfigurationIsVisible = 0;
			defaultConfigurationName = Release;
		};
		687EDF491B29A2B1004426CD /* Build configuration list for PBXNativeTarget "SunshineTests" */ = {
			isa = XCConfigurationList;
			buildConfigurations = (
				687EDF4A1B29A2B1004426CD /* Debug */,
				687EDF4B1B29A2B1004426CD /* Release */,
			);
			defaultConfigurationIsVisible = 0;
			defaultConfigurationName = Release;
		};
/* End XCConfigurationList section */
	};
	rootObject = 687EDF1B1B29A2B0004426CD /* Project object */;
}
